{
  "name": "deeplearning4j",
  "lockfileVersion": 3,
  "requires": true,
  "packages": {
    "": {
      "dependencies": {
        "opencode-ai": "^1.1.19"
      }
    },
    "node_modules/opencode-ai": {
      "version": "1.1.19",
      "resolved": "https://registry.npmjs.org/opencode-ai/-/opencode-ai-1.1.19.tgz",
      "integrity": "sha512-A9MRc+QDR3af2r/xijWynPLihpY3AtU0T7FhsFUM5V4sFq96WTDzIvq6uw3JCXnMnO/HR500+U76cKt+z4H+wg==",
      "hasInstallScript": true,
      "bin": {
        "opencode": "bin/opencode"
      },
      "optionalDependencies": {
        "opencode-darwin-arm64": "1.1.19",
        "opencode-darwin-x64": "1.1.19",
        "opencode-darwin-x64-baseline": "1.1.19",
        "opencode-linux-arm64": "1.1.19",
        "opencode-linux-arm64-musl": "1.1.19",
        "opencode-linux-x64": "1.1.19",
        "opencode-linux-x64-baseline": "1.1.19",
        "opencode-linux-x64-baseline-musl": "1.1.19",
        "opencode-linux-x64-musl": "1.1.19",
        "opencode-windows-x64": "1.1.19",
        "opencode-windows-x64-baseline": "1.1.19"
      }
    },
    "node_modules/opencode-darwin-arm64": {
      "version": "1.1.19",
      "resolved": "https://registry.npmjs.org/opencode-darwin-arm64/-/opencode-darwin-arm64-1.1.19.tgz",
      "integrity": "sha512-sbxD8pq7cEcpN+ZLCB1j8Be+DZsP9R86KexIws4ijNYAfMJ8GhWdYuRr6aFC25KQNWzlGOryh0xVludkHoV63A==",
      "cpu": [
        "arm64"
      ],
      "optional": true,
      "os": [
        "darwin"
      ]
    },
    "node_modules/opencode-darwin-x64": {
      "version": "1.1.19",
      "resolved": "https://registry.npmjs.org/opencode-darwin-x64/-/opencode-darwin-x64-1.1.19.tgz",
      "integrity": "sha512-gS57qc9+UD6EceQV/p7g0BGUz7MNQmMWdVFfjbPlS4gY2xO9KRHEfHFAP7jr+wYidFYe6LKjhtO92l4BbfmClA==",
      "cpu": [
        "x64"
      ],
      "optional": true,
      "os": [
        "darwin"
      ]
    },
    "node_modules/opencode-darwin-x64-baseline": {
      "version": "1.1.19",
      "resolved": "https://registry.npmjs.org/opencode-darwin-x64-baseline/-/opencode-darwin-x64-baseline-1.1.19.tgz",
      "integrity": "sha512-byFclAeABETpaO8dOh4lcIeApLJpG9rbEQ4jU4prmJeoszw5lbTXL8dl83oIeT/3cAKuCj8Ugp7ReRcYdDtEGw==",
      "cpu": [
        "x64"
      ],
      "optional": true,
      "os": [
        "darwin"
      ]
    },
    "node_modules/opencode-linux-arm64": {
      "version": "1.1.19",
      "resolved": "https://registry.npmjs.org/opencode-linux-arm64/-/opencode-linux-arm64-1.1.19.tgz",
      "integrity": "sha512-U1TqMT4RZl6k3EBQvabSFcsQ7x2FCMITy0moWJJ4yiNeKcK4oTXU24E30A7ayiXpzFjpP41o1WTc0L7vlIMQTw==",
      "cpu": [
        "arm64"
      ],
      "optional": true,
      "os": [
        "linux"
      ]
    },
    "node_modules/opencode-linux-arm64-musl": {
      "version": "1.1.19",
      "resolved": "https://registry.npmjs.org/opencode-linux-arm64-musl/-/opencode-linux-arm64-musl-1.1.19.tgz",
      "integrity": "sha512-z6IAGPHLzvkALkQ5l5uPhsV1wYTIE0FrIriUxqS76su8O/d4avZav6mxiCx+R9Kmv1a8Mb3+KlZKuTJoqI+vOg==",
      "cpu": [
        "arm64"
      ],
      "optional": true,
      "os": [
        "linux"
      ]
    },
    "node_modules/opencode-linux-x64": {
      "version": "1.1.19",
      "resolved": "https://registry.npmjs.org/opencode-linux-x64/-/opencode-linux-x64-1.1.19.tgz",
      "integrity": "sha512-anZDJcustLmO1DQV4J2yachOHZQRc+Yd0luRc6VAgQIDFOmPLnnW5xFwg2VjNFipZnB2oK68OXL5kd3yCYvg7w==",
      "cpu": [
        "x64"
      ],
      "optional": true,
      "os": [
        "linux"
      ]
    },
    "node_modules/opencode-linux-x64-baseline": {
      "version": "1.1.19",
      "resolved": "https://registry.npmjs.org/opencode-linux-x64-baseline/-/opencode-linux-x64-baseline-1.1.19.tgz",
      "integrity": "sha512-oTtCGILGA8YcDGZi6sdUF+IksMWMkEpDhOnX2LKxA85RyYWXXaDvGbP1X5O6UFLnBQEYUB16u8Qtr/StyUOZFw==",
      "cpu": [
        "x64"
      ],
      "optional": true,
      "os": [
        "linux"
      ]
    },
    "node_modules/opencode-linux-x64-baseline-musl": {
      "version": "1.1.19",
      "resolved": "https://registry.npmjs.org/opencode-linux-x64-baseline-musl/-/opencode-linux-x64-baseline-musl-1.1.19.tgz",
      "integrity": "sha512-PjPWWAyEjxifGNtXFeWAjS5acT82SCfpE0MegggZCSUg4NCo9Kiqnx7ITYYd53p+/QewDr0lGeAY51BiK2YSaA==",
      "cpu": [
        "x64"
      ],
      "optional": true,
      "os": [
        "linux"
      ]
    },
    "node_modules/opencode-linux-x64-musl": {
      "version": "1.1.19",
      "resolved": "https://registry.npmjs.org/opencode-linux-x64-musl/-/opencode-linux-x64-musl-1.1.19.tgz",
      "integrity": "sha512-lgJLDs6Za2ojDhX82p2kNBzOSKfN38lLFoVGAf9R2e3xpHms3y7syjolfH/8kOhuRt/J3eDUrVP91TVOBiO/Lw==",
      "cpu": [
        "x64"
      ],
      "optional": true,
      "os": [
        "linux"
      ]
    },
    "node_modules/opencode-windows-x64": {
      "version": "1.1.19",
      "resolved": "https://registry.npmjs.org/opencode-windows-x64/-/opencode-windows-x64-1.1.19.tgz",
      "integrity": "sha512-QcuGFpozCYwCpAOwiTXs5I+6cuHjhwqPQevDWG/eG6oCYAh67qKaLe0zEfIe2gSDCD5A4e8riSlRU+rf3Cc+NA==",
      "cpu": [
        "x64"
      ],
      "optional": true,
      "os": [
        "win32"
      ]
    },
    "node_modules/opencode-windows-x64-baseline": {
      "version": "1.1.19",
      "resolved": "https://registry.npmjs.org/opencode-windows-x64-baseline/-/opencode-windows-x64-baseline-1.1.19.tgz",
      "integrity": "sha512-6ftAcNy68OGNTP/JnUTU/uh0mYeizWzS+KcaaG5i3mYHCg4Q1it4EUGPZth7NzTTR2oQInBMU1y+ngkjtqvBCQ==",
      "cpu": [
        "x64"
      ],
      "optional": true,
      "os": [
        "win32"
      ]
    }
  }
}
