<?xml version="1.0" encoding="UTF-8"?>
<Project ToolsVersion="14.0" xmlns="http://schemas.microsoft.com/developer/msbuild/2003">
  <ItemGroup>
    <CustomBuild Include="D:\github\libnd4j\tests_cpu\CMakeFiles\7c04523e61cf3ed708b47f00789e6e5b\INSTALL_force.rule">
      <Filter>CMake Rules</Filter>
    </CustomBuild>
  </ItemGroup>
  <ItemGroup>
    <Filter Include="CMake Rules">
      <UniqueIdentifier>{CB5A4985-7A50-3A90-B2F7-A8755F970C01}</UniqueIdentifier>
    </Filter>
  </ItemGroup>
</Project>
