<?xml version="1.0" encoding="UTF-8"?>
<Project ToolsVersion="14.0" xmlns="http://schemas.microsoft.com/developer/msbuild/2003">
  <ItemGroup>
    <CustomBuild Include="D:\github\libnd4j\tests_cpu\CMakeFiles\e18b2180dcb8cba64c93e42d7842ded8\INSTALL_force.rule">
      <Filter>CMake Rules</Filter>
    </CustomBuild>
  </ItemGroup>
  <ItemGroup>
    <Filter Include="CMake Rules">
      <UniqueIdentifier>{CB5A4985-7A50-3A90-B2F7-A8755F970C01}</UniqueIdentifier>
    </Filter>
  </ItemGroup>
</Project>
