{
  "name": "@eclipse/nd4j-webjar",
  "version": "${project.version}",
  "lockfileVersion": 2,
  "requires": true,
  "packages": {
    "": {
      "name": "@eclipse/nd4j-webjar",
      "version": "${project.version}",
      "license": "Apache-2.0",
      "devDependencies": {
        "flatbuffers": "^23.5.26",
        "typescript": "^4.9.0"
      }
    },
    "node_modules/flatbuffers": {
      "version": "23.5.26",
      "resolved": "https://registry.npmjs.org/flatbuffers/-/flatbuffers-23.5.26.tgz",
      "integrity": "sha512-vE+SI9vrJDwi1oETtTIFldC/o9GsVKRM+s6EL0nQgxXlYV1Vc4Tk30hj4xGICftInKQKj1F3up2n8UbIVobISQ==",
      "dev": true
    },
    "node_modules/typescript": {
      "version": "4.9.5",
      "resolved": "https://registry.npmjs.org/typescript/-/typescript-4.9.5.tgz",
      "integrity": "sha512-1FXk9E2Hm+QzZQ7z+McJiHL4NW1F2EzMu9Nq9i3zAaGqibafqYwCVU6WyWAuyQRRzOlxou8xZSyXLEN8oKj24g==",
      "dev": true,
      "bin": {
        "tsc": "bin/tsc",
        "tsserver": "bin/tsserver"
      },
      "engines": {
        "node": ">=4.2.0"
      }
    }
  },
  "dependencies": {
    "flatbuffers": {
      "version": "23.5.26",
      "resolved": "https://registry.npmjs.org/flatbuffers/-/flatbuffers-23.5.26.tgz",
      "integrity": "sha512-vE+SI9vrJDwi1oETtTIFldC/o9GsVKRM+s6EL0nQgxXlYV1Vc4Tk30hj4xGICftInKQKj1F3up2n8UbIVobISQ==",
      "dev": true
    },
    "typescript": {
      "version": "4.9.5",
      "resolved": "https://registry.npmjs.org/typescript/-/typescript-4.9.5.tgz",
      "integrity": "sha512-1FXk9E2Hm+QzZQ7z+McJiHL4NW1F2EzMu9Nq9i3zAaGqibafqYwCVU6WyWAuyQRRzOlxou8xZSyXLEN8oKj24g==",
      "dev": true
    }
  }
}
